
Microsoft Visual Studio Solution File, Format Version 12.00
# Visual Studio Version 16
VisualStudioVersion = 16.0.31105.61
MinimumVisualStudioVersion = 10.0.40219.1
Project("{FAE04EC0-301F-11D3-BF4B-00C04F79EFBC}") = "TaskList.Android", "TaskList\TaskList.Android\TaskList.Android.csproj", "{036A6A28-43E6-4766-B7A8-A275F72D6118}"
EndProject
Project("{FAE04EC0-301F-11D3-BF4B-00C04F79EFBC}") = "TaskList", "TaskList\TaskList\TaskList.csproj", "{3A098455-1319-461B-ACF2-02A04555FFF4}"
EndProject
Global
	GlobalSection(SolutionConfigurationPlatforms) = preSolution
		Debug|Any CPU = Debug|Any CPU
		Release|Any CPU = Release|Any CPU
	EndGlobalSection
	GlobalSection(ProjectConfigurationPlatforms) = postSolution
		{036A6A28-43E6-4766-B7A8-A275F72D6118}.Debug|Any CPU.ActiveCfg = Debug|Any CPU
		{036A6A28-43E6-4766-B7A8-A275F72D6118}.Debug|Any CPU.Build.0 = Debug|Any CPU
		{036A6A28-43E6-4766-B7A8-A275F72D6118}.Debug|Any CPU.Deploy.0 = Debug|Any CPU
		{036A6A28-43E6-4766-B7A8-A275F72D6118}.Release|Any CPU.ActiveCfg = Release|Any CPU
		{036A6A28-43E6-4766-B7A8-A275F72D6118}.Release|Any CPU.Build.0 = Release|Any CPU
		{036A6A28-43E6-4766-B7A8-A275F72D6118}.Release|Any CPU.Deploy.0 = Release|Any CPU
		{3A098455-1319-461B-ACF2-02A04555FFF4}.Debug|Any CPU.ActiveCfg = Debug|Any CPU
		{3A098455-1319-461B-ACF2-02A04555FFF4}.Debug|Any CPU.Build.0 = Debug|Any CPU
		{3A098455-1319-461B-ACF2-02A04555FFF4}.Debug|Any CPU.Deploy.0 = Debug|Any CPU
		{3A098455-1319-461B-ACF2-02A04555FFF4}.Release|Any CPU.ActiveCfg = Release|Any CPU
		{3A098455-1319-461B-ACF2-02A04555FFF4}.Release|Any CPU.Build.0 = Release|Any CPU
		{3A098455-1319-461B-ACF2-02A04555FFF4}.Release|Any CPU.Deploy.0 = Release|Any CPU
	EndGlobalSection
	GlobalSection(SolutionProperties) = preSolution
		HideSolutionNode = FALSE
	EndGlobalSection
	GlobalSection(ExtensibilityGlobals) = postSolution
		SolutionGuid = {A2BC2A3A-5D7E-4147-A08F-61FB5C197821}
	EndGlobalSection
EndGlobal
